
Microsoft Visual Studio Solution File, Format Version 12.00
# Visual Studio Version 16
VisualStudioVersion = 16.0.31129.286
MinimumVisualStudioVersion = 10.0.40219.1
Project("{FAE04EC0-301F-11D3-BF4B-00C04F79EFBC}") = "DirectDebitJob", "DirectDebitJob\DirectDebitJob.csproj", "{A45158A1-F8EC-4C47-B15F-6822F657AB52}"
EndProject
Global
	GlobalSection(SolutionConfigurationPlatforms) = preSolution
		Debug|Any CPU = Debug|Any CPU
		Release|Any CPU = Release|Any CPU
	EndGlobalSection
	GlobalSection(ProjectConfigurationPlatforms) = postSolution
		{A45158A1-F8EC-4C47-B15F-6822F657AB52}.Debug|Any CPU.ActiveCfg = Debug|Any CPU
		{A45158A1-F8EC-4C47-B15F-6822F657AB52}.Debug|Any CPU.Build.0 = Debug|Any CPU
		{A45158A1-F8EC-4C47-B15F-6822F657AB52}.Release|Any CPU.ActiveCfg = Release|Any CPU
		{A45158A1-F8EC-4C47-B15F-6822F657AB52}.Release|Any CPU.Build.0 = Release|Any CPU
	EndGlobalSection
	GlobalSection(SolutionProperties) = preSolution
		HideSolutionNode = FALSE
	EndGlobalSection
	GlobalSection(ExtensibilityGlobals) = postSolution
		SolutionGuid = {7B4C9F59-CB7A-4E4C-900F-35EF2F12B66B}
	EndGlobalSection
EndGlobal
